
Microsoft Visual Studio Solution File, Format Version 12.00
# Visual Studio 15
VisualStudioVersion = 15.0.28307.421
MinimumVisualStudioVersion = 10.0.40219.1
Project("{FAE04EC0-301F-11D3-BF4B-00C04F79EFBC}") = "ContactInformationManagement.Api", "ContactInformationManagement\ContactInformationManagement.Api.csproj", "{B0BFA0BE-3BEA-4388-977E-C4315B116493}"
EndProject
Project("{FAE04EC0-301F-11D3-BF4B-00C04F79EFBC}") = "ContactInformationManagement.Api.Tests", "ContactInformationManagement.Tests\ContactInformationManagement.Api.Tests.csproj", "{53EF2810-5FCD-4930-BD74-A6C2350DE740}"
EndProject
Project("{2150E333-8FDC-42A3-9474-1A3956D46DE8}") = "01-ContactInformationManagement.Api", "01-ContactInformationManagement.Api", "{29D7241E-D69A-4625-8184-4C93CD12DE77}"
EndProject
Project("{2150E333-8FDC-42A3-9474-1A3956D46DE8}") = "02-ContactInformationManagement.Business", "02-ContactInformationManagement.Business", "{58A384D6-05F7-45E0-9B44-537770A89A8D}"
EndProject
Project("{2150E333-8FDC-42A3-9474-1A3956D46DE8}") = "03-ContactInformationManagement.DataAccess", "03-ContactInformationManagement.DataAccess", "{72D0ED6C-1E81-430D-B381-9510B9AB6713}"
EndProject
Project("{2150E333-8FDC-42A3-9474-1A3956D46DE8}") = "ContactInformationManagement.Api.Test", "ContactInformationManagement.Api.Test", "{AA18020C-C0A5-4087-BC0E-8CA73461F304}"
EndProject
Project("{2150E333-8FDC-42A3-9474-1A3956D46DE8}") = "01-ContactInformationManagement.InterfaceBusiness", "01-ContactInformationManagement.InterfaceBusiness", "{0CCA2E60-BCA8-47A1-89AB-7D27BA20A054}"
EndProject
Project("{2150E333-8FDC-42A3-9474-1A3956D46DE8}") = "02-ContactInformationManagement.InterfaceDataAccess", "02-ContactInformationManagement.InterfaceDataAccess", "{393787F8-F14F-41AF-AABC-4B11B428F54B}"
EndProject
Project("{2150E333-8FDC-42A3-9474-1A3956D46DE8}") = "ContactInformationManagement.Dto", "ContactInformationManagement.Dto", "{2D011FDE-E4A8-44D5-AFF3-8E712408FB8E}"
EndProject
Project("{FAE04EC0-301F-11D3-BF4B-00C04F79EFBC}") = "ContactInformationManagement.Dto", "ContactInformationManagement.Dto\ContactInformationManagement.Dto.csproj", "{73C5C26F-23E0-451C-8A0B-06DB1A85976E}"
EndProject
Project("{FAE04EC0-301F-11D3-BF4B-00C04F79EFBC}") = "ContactInfoManagement.InterfaceBusiness", "ContactInfoManagement.InterfaceBusiness\ContactInfoManagement.InterfaceBusiness.csproj", "{DD721C99-32A9-44DB-B59E-1284B4177047}"
EndProject
Project("{FAE04EC0-301F-11D3-BF4B-00C04F79EFBC}") = "ContactInformationManagement.Business", "ContactInformationManagement.Business\ContactInformationManagement.Business.csproj", "{4287E007-08A0-4190-84A5-F621F1380305}"
EndProject
Project("{2150E333-8FDC-42A3-9474-1A3956D46DE8}") = "ContactInformationManagement.Factory", "ContactInformationManagement.Factory", "{A628CA28-3E61-4029-9221-D9DA68806F12}"
EndProject
Project("{FAE04EC0-301F-11D3-BF4B-00C04F79EFBC}") = "ContactInformationManagement.Factory", "ContactInformationManagement.Factory\ContactInformationManagement.Factory.csproj", "{69A41DE2-2FBE-4E2C-A23F-976AEE965AB7}"
EndProject
Project("{FAE04EC0-301F-11D3-BF4B-00C04F79EFBC}") = "ContactInfoManagement.DataAccess", "ContactInfoManagement.DataAccess\ContactInfoManagement.DataAccess.csproj", "{9265D504-0016-46C6-88DB-9D4B9A92AED9}"
EndProject
Project("{FAE04EC0-301F-11D3-BF4B-00C04F79EFBC}") = "ContactInformation.InterfaceDataAccess", "ContactInformation.InterfaceDataAccess\ContactInformation.InterfaceDataAccess.csproj", "{097C242D-6223-4475-AC17-5FE9A70290D4}"
EndProject
Global
	GlobalSection(SolutionConfigurationPlatforms) = preSolution
		Debug|Any CPU = Debug|Any CPU
		Release|Any CPU = Release|Any CPU
	EndGlobalSection
	GlobalSection(ProjectConfigurationPlatforms) = postSolution
		{B0BFA0BE-3BEA-4388-977E-C4315B116493}.Debug|Any CPU.ActiveCfg = Debug|Any CPU
		{B0BFA0BE-3BEA-4388-977E-C4315B116493}.Debug|Any CPU.Build.0 = Debug|Any CPU
		{B0BFA0BE-3BEA-4388-977E-C4315B116493}.Release|Any CPU.ActiveCfg = Release|Any CPU
		{B0BFA0BE-3BEA-4388-977E-C4315B116493}.Release|Any CPU.Build.0 = Release|Any CPU
		{53EF2810-5FCD-4930-BD74-A6C2350DE740}.Debug|Any CPU.ActiveCfg = Debug|Any CPU
		{53EF2810-5FCD-4930-BD74-A6C2350DE740}.Debug|Any CPU.Build.0 = Debug|Any CPU
		{53EF2810-5FCD-4930-BD74-A6C2350DE740}.Release|Any CPU.ActiveCfg = Release|Any CPU
		{53EF2810-5FCD-4930-BD74-A6C2350DE740}.Release|Any CPU.Build.0 = Release|Any CPU
		{73C5C26F-23E0-451C-8A0B-06DB1A85976E}.Debug|Any CPU.ActiveCfg = Debug|Any CPU
		{73C5C26F-23E0-451C-8A0B-06DB1A85976E}.Debug|Any CPU.Build.0 = Debug|Any CPU
		{73C5C26F-23E0-451C-8A0B-06DB1A85976E}.Release|Any CPU.ActiveCfg = Release|Any CPU
		{73C5C26F-23E0-451C-8A0B-06DB1A85976E}.Release|Any CPU.Build.0 = Release|Any CPU
		{DD721C99-32A9-44DB-B59E-1284B4177047}.Debug|Any CPU.ActiveCfg = Debug|Any CPU
		{DD721C99-32A9-44DB-B59E-1284B4177047}.Debug|Any CPU.Build.0 = Debug|Any CPU
		{DD721C99-32A9-44DB-B59E-1284B4177047}.Release|Any CPU.ActiveCfg = Release|Any CPU
		{DD721C99-32A9-44DB-B59E-1284B4177047}.Release|Any CPU.Build.0 = Release|Any CPU
		{4287E007-08A0-4190-84A5-F621F1380305}.Debug|Any CPU.ActiveCfg = Debug|Any CPU
		{4287E007-08A0-4190-84A5-F621F1380305}.Debug|Any CPU.Build.0 = Debug|Any CPU
		{4287E007-08A0-4190-84A5-F621F1380305}.Release|Any CPU.ActiveCfg = Release|Any CPU
		{4287E007-08A0-4190-84A5-F621F1380305}.Release|Any CPU.Build.0 = Release|Any CPU
		{69A41DE2-2FBE-4E2C-A23F-976AEE965AB7}.Debug|Any CPU.ActiveCfg = Debug|Any CPU
		{69A41DE2-2FBE-4E2C-A23F-976AEE965AB7}.Debug|Any CPU.Build.0 = Debug|Any CPU
		{69A41DE2-2FBE-4E2C-A23F-976AEE965AB7}.Release|Any CPU.ActiveCfg = Release|Any CPU
		{69A41DE2-2FBE-4E2C-A23F-976AEE965AB7}.Release|Any CPU.Build.0 = Release|Any CPU
		{9265D504-0016-46C6-88DB-9D4B9A92AED9}.Debug|Any CPU.ActiveCfg = Debug|Any CPU
		{9265D504-0016-46C6-88DB-9D4B9A92AED9}.Debug|Any CPU.Build.0 = Debug|Any CPU
		{9265D504-0016-46C6-88DB-9D4B9A92AED9}.Release|Any CPU.ActiveCfg = Release|Any CPU
		{9265D504-0016-46C6-88DB-9D4B9A92AED9}.Release|Any CPU.Build.0 = Release|Any CPU
		{097C242D-6223-4475-AC17-5FE9A70290D4}.Debug|Any CPU.ActiveCfg = Debug|Any CPU
		{097C242D-6223-4475-AC17-5FE9A70290D4}.Debug|Any CPU.Build.0 = Debug|Any CPU
		{097C242D-6223-4475-AC17-5FE9A70290D4}.Release|Any CPU.ActiveCfg = Release|Any CPU
		{097C242D-6223-4475-AC17-5FE9A70290D4}.Release|Any CPU.Build.0 = Release|Any CPU
	EndGlobalSection
	GlobalSection(SolutionProperties) = preSolution
		HideSolutionNode = FALSE
	EndGlobalSection
	GlobalSection(NestedProjects) = preSolution
		{B0BFA0BE-3BEA-4388-977E-C4315B116493} = {29D7241E-D69A-4625-8184-4C93CD12DE77}
		{53EF2810-5FCD-4930-BD74-A6C2350DE740} = {AA18020C-C0A5-4087-BC0E-8CA73461F304}
		{73C5C26F-23E0-451C-8A0B-06DB1A85976E} = {2D011FDE-E4A8-44D5-AFF3-8E712408FB8E}
		{DD721C99-32A9-44DB-B59E-1284B4177047} = {0CCA2E60-BCA8-47A1-89AB-7D27BA20A054}
		{4287E007-08A0-4190-84A5-F621F1380305} = {58A384D6-05F7-45E0-9B44-537770A89A8D}
		{69A41DE2-2FBE-4E2C-A23F-976AEE965AB7} = {A628CA28-3E61-4029-9221-D9DA68806F12}
		{9265D504-0016-46C6-88DB-9D4B9A92AED9} = {72D0ED6C-1E81-430D-B381-9510B9AB6713}
		{097C242D-6223-4475-AC17-5FE9A70290D4} = {393787F8-F14F-41AF-AABC-4B11B428F54B}
	EndGlobalSection
	GlobalSection(ExtensibilityGlobals) = postSolution
		SolutionGuid = {F953B1EE-8863-4BE7-ABF1-48C5F7E92DE4}
	EndGlobalSection
EndGlobal
